
Microsoft Visual Studio Solution File, Format Version 12.00
# Visual Studio 15
VisualStudioVersion = 15.0.26430.6
MinimumVisualStudioVersion = 10.0.40219.1
Project("{FAE04EC0-301F-11D3-BF4B-00C04F79EFBC}") = "01.ParkingLot", "01.ParkingLot\01.ParkingLot.csproj", "{582AA7AF-99D0-4246-9916-B6AB10F53F82}"
EndProject
Project("{FAE04EC0-301F-11D3-BF4B-00C04F79EFBC}") = "02.SoftUniParty", "02.SoftUniParty\02.SoftUniParty.csproj", "{FB456AE2-23B2-4774-B4CC-3FCB778EC2FC}"
EndProject
Project("{FAE04EC0-301F-11D3-BF4B-00C04F79EFBC}") = "03.CountSameValuesInArray", "03.CountSameValuesInArray\03.CountSameValuesInArray.csproj", "{E6623C0C-48BD-4441-8C56-11068C86F823}"
EndProject
Project("{FAE04EC0-301F-11D3-BF4B-00C04F79EFBC}") = "04.AcademyGraduation", "04.AcademyGraduation\04.AcademyGraduation.csproj", "{E99C4DEC-0142-4311-8782-2764A313B58D}"
EndProject
Global
	GlobalSection(SolutionConfigurationPlatforms) = preSolution
		Debug|Any CPU = Debug|Any CPU
		Release|Any CPU = Release|Any CPU
	EndGlobalSection
	GlobalSection(ProjectConfigurationPlatforms) = postSolution
		{582AA7AF-99D0-4246-9916-B6AB10F53F82}.Debug|Any CPU.ActiveCfg = Debug|Any CPU
		{582AA7AF-99D0-4246-9916-B6AB10F53F82}.Debug|Any CPU.Build.0 = Debug|Any CPU
		{582AA7AF-99D0-4246-9916-B6AB10F53F82}.Release|Any CPU.ActiveCfg = Release|Any CPU
		{582AA7AF-99D0-4246-9916-B6AB10F53F82}.Release|Any CPU.Build.0 = Release|Any CPU
		{FB456AE2-23B2-4774-B4CC-3FCB778EC2FC}.Debug|Any CPU.ActiveCfg = Debug|Any CPU
		{FB456AE2-23B2-4774-B4CC-3FCB778EC2FC}.Debug|Any CPU.Build.0 = Debug|Any CPU
		{FB456AE2-23B2-4774-B4CC-3FCB778EC2FC}.Release|Any CPU.ActiveCfg = Release|Any CPU
		{FB456AE2-23B2-4774-B4CC-3FCB778EC2FC}.Release|Any CPU.Build.0 = Release|Any CPU
		{E6623C0C-48BD-4441-8C56-11068C86F823}.Debug|Any CPU.ActiveCfg = Debug|Any CPU
		{E6623C0C-48BD-4441-8C56-11068C86F823}.Debug|Any CPU.Build.0 = Debug|Any CPU
		{E6623C0C-48BD-4441-8C56-11068C86F823}.Release|Any CPU.ActiveCfg = Release|Any CPU
		{E6623C0C-48BD-4441-8C56-11068C86F823}.Release|Any CPU.Build.0 = Release|Any CPU
		{E99C4DEC-0142-4311-8782-2764A313B58D}.Debug|Any CPU.ActiveCfg = Debug|Any CPU
		{E99C4DEC-0142-4311-8782-2764A313B58D}.Debug|Any CPU.Build.0 = Debug|Any CPU
		{E99C4DEC-0142-4311-8782-2764A313B58D}.Release|Any CPU.ActiveCfg = Release|Any CPU
		{E99C4DEC-0142-4311-8782-2764A313B58D}.Release|Any CPU.Build.0 = Release|Any CPU
	EndGlobalSection
	GlobalSection(SolutionProperties) = preSolution
		HideSolutionNode = FALSE
	EndGlobalSection
EndGlobal
