
Microsoft Visual Studio Solution File, Format Version 12.00
# Visual Studio 15
VisualStudioVersion = 15.0.26430.16
MinimumVisualStudioVersion = 10.0.40219.1
Project("{FAE04EC0-301F-11D3-BF4B-00C04F79EFBC}") = "01.JediMeditation", "01.JediMeditation\01.JediMeditation.csproj", "{102CA78A-78E8-498E-9345-8E5DCADEB290}"
EndProject
Project("{FAE04EC0-301F-11D3-BF4B-00C04F79EFBC}") = "02.JediGalaxy", "02.JediGalaxy\02.JediGalaxy.csproj", "{B73C607B-9E49-4601-A2F0-C84ACF565B4B}"
EndProject
Project("{FAE04EC0-301F-11D3-BF4B-00C04F79EFBC}") = "03.JediCode-X", "03.JediCode-X\03.JediCode-X.csproj", "{57002BEB-498F-4ABB-ACEE-CBBDD361545B}"
EndProject
Global
	GlobalSection(SolutionConfigurationPlatforms) = preSolution
		Debug|Any CPU = Debug|Any CPU
		Release|Any CPU = Release|Any CPU
	EndGlobalSection
	GlobalSection(ProjectConfigurationPlatforms) = postSolution
		{102CA78A-78E8-498E-9345-8E5DCADEB290}.Debug|Any CPU.ActiveCfg = Debug|Any CPU
		{102CA78A-78E8-498E-9345-8E5DCADEB290}.Debug|Any CPU.Build.0 = Debug|Any CPU
		{102CA78A-78E8-498E-9345-8E5DCADEB290}.Release|Any CPU.ActiveCfg = Release|Any CPU
		{102CA78A-78E8-498E-9345-8E5DCADEB290}.Release|Any CPU.Build.0 = Release|Any CPU
		{B73C607B-9E49-4601-A2F0-C84ACF565B4B}.Debug|Any CPU.ActiveCfg = Debug|Any CPU
		{B73C607B-9E49-4601-A2F0-C84ACF565B4B}.Debug|Any CPU.Build.0 = Debug|Any CPU
		{B73C607B-9E49-4601-A2F0-C84ACF565B4B}.Release|Any CPU.ActiveCfg = Release|Any CPU
		{B73C607B-9E49-4601-A2F0-C84ACF565B4B}.Release|Any CPU.Build.0 = Release|Any CPU
		{57002BEB-498F-4ABB-ACEE-CBBDD361545B}.Debug|Any CPU.ActiveCfg = Debug|Any CPU
		{57002BEB-498F-4ABB-ACEE-CBBDD361545B}.Debug|Any CPU.Build.0 = Debug|Any CPU
		{57002BEB-498F-4ABB-ACEE-CBBDD361545B}.Release|Any CPU.ActiveCfg = Release|Any CPU
		{57002BEB-498F-4ABB-ACEE-CBBDD361545B}.Release|Any CPU.Build.0 = Release|Any CPU
	EndGlobalSection
	GlobalSection(SolutionProperties) = preSolution
		HideSolutionNode = FALSE
	EndGlobalSection
EndGlobal
