
Microsoft Visual Studio Solution File, Format Version 12.00
# Visual Studio 15
VisualStudioVersion = 15.0.26430.6
MinimumVisualStudioVersion = 10.0.40219.1
Project("{FAE04EC0-301F-11D3-BF4B-00C04F79EFBC}") = "01.MatchCount", "01.MatchCount\01.MatchCount.csproj", "{1A76FE2C-5A37-45B0-8F15-15138DEC7CE3}"
EndProject
Project("{FAE04EC0-301F-11D3-BF4B-00C04F79EFBC}") = "02.VowelCount", "02.VowelCount\02.VowelCount.csproj", "{4DF0C1CC-7F46-4732-BC4F-9B534F1AD075}"
EndProject
Global
	GlobalSection(SolutionConfigurationPlatforms) = preSolution
		Debug|Any CPU = Debug|Any CPU
		Release|Any CPU = Release|Any CPU
	EndGlobalSection
	GlobalSection(ProjectConfigurationPlatforms) = postSolution
		{1A76FE2C-5A37-45B0-8F15-15138DEC7CE3}.Debug|Any CPU.ActiveCfg = Debug|Any CPU
		{1A76FE2C-5A37-45B0-8F15-15138DEC7CE3}.Debug|Any CPU.Build.0 = Debug|Any CPU
		{1A76FE2C-5A37-45B0-8F15-15138DEC7CE3}.Release|Any CPU.ActiveCfg = Release|Any CPU
		{1A76FE2C-5A37-45B0-8F15-15138DEC7CE3}.Release|Any CPU.Build.0 = Release|Any CPU
		{4DF0C1CC-7F46-4732-BC4F-9B534F1AD075}.Debug|Any CPU.ActiveCfg = Debug|Any CPU
		{4DF0C1CC-7F46-4732-BC4F-9B534F1AD075}.Debug|Any CPU.Build.0 = Debug|Any CPU
		{4DF0C1CC-7F46-4732-BC4F-9B534F1AD075}.Release|Any CPU.ActiveCfg = Release|Any CPU
		{4DF0C1CC-7F46-4732-BC4F-9B534F1AD075}.Release|Any CPU.Build.0 = Release|Any CPU
	EndGlobalSection
	GlobalSection(SolutionProperties) = preSolution
		HideSolutionNode = FALSE
	EndGlobalSection
EndGlobal
