
Microsoft Visual Studio Solution File, Format Version 12.00
# Visual Studio 15
VisualStudioVersion = 15.0.26430.6
MinimumVisualStudioVersion = 10.0.40219.1
Project("{FAE04EC0-301F-11D3-BF4B-00C04F79EFBC}") = "01.SortEvenNumbers", "01.SortEvenNumbers\01.SortEvenNumbers.csproj", "{DCE3FF94-2249-41D5-8A36-03F44838574C}"
EndProject
Project("{FAE04EC0-301F-11D3-BF4B-00C04F79EFBC}") = "02.SumNumbers", "02.SumNumbers\02.SumNumbers.csproj", "{4E49ABFA-069B-4D28-B351-B858C0B922E4}"
EndProject
Project("{FAE04EC0-301F-11D3-BF4B-00C04F79EFBC}") = "03.CountUppercaseWords", "03.CountUppercaseWords\03.CountUppercaseWords.csproj", "{CA4E58C9-113A-4A56-B806-EE44A1DEA517}"
EndProject
Project("{FAE04EC0-301F-11D3-BF4B-00C04F79EFBC}") = "04.AddVAT", "04.AddVAT\04.AddVAT.csproj", "{CA0DD944-8210-4F63-9429-1C868DF88F5F}"
EndProject
Project("{FAE04EC0-301F-11D3-BF4B-00C04F79EFBC}") = "05.FilterByAge", "05.FilterByAge\05.FilterByAge.csproj", "{6D4D1903-C88F-495B-B7DF-341B2E36E65B}"
EndProject
Global
	GlobalSection(SolutionConfigurationPlatforms) = preSolution
		Debug|Any CPU = Debug|Any CPU
		Release|Any CPU = Release|Any CPU
	EndGlobalSection
	GlobalSection(ProjectConfigurationPlatforms) = postSolution
		{DCE3FF94-2249-41D5-8A36-03F44838574C}.Debug|Any CPU.ActiveCfg = Debug|Any CPU
		{DCE3FF94-2249-41D5-8A36-03F44838574C}.Debug|Any CPU.Build.0 = Debug|Any CPU
		{DCE3FF94-2249-41D5-8A36-03F44838574C}.Release|Any CPU.ActiveCfg = Release|Any CPU
		{DCE3FF94-2249-41D5-8A36-03F44838574C}.Release|Any CPU.Build.0 = Release|Any CPU
		{4E49ABFA-069B-4D28-B351-B858C0B922E4}.Debug|Any CPU.ActiveCfg = Debug|Any CPU
		{4E49ABFA-069B-4D28-B351-B858C0B922E4}.Debug|Any CPU.Build.0 = Debug|Any CPU
		{4E49ABFA-069B-4D28-B351-B858C0B922E4}.Release|Any CPU.ActiveCfg = Release|Any CPU
		{4E49ABFA-069B-4D28-B351-B858C0B922E4}.Release|Any CPU.Build.0 = Release|Any CPU
		{CA4E58C9-113A-4A56-B806-EE44A1DEA517}.Debug|Any CPU.ActiveCfg = Debug|Any CPU
		{CA4E58C9-113A-4A56-B806-EE44A1DEA517}.Debug|Any CPU.Build.0 = Debug|Any CPU
		{CA4E58C9-113A-4A56-B806-EE44A1DEA517}.Release|Any CPU.ActiveCfg = Release|Any CPU
		{CA4E58C9-113A-4A56-B806-EE44A1DEA517}.Release|Any CPU.Build.0 = Release|Any CPU
		{CA0DD944-8210-4F63-9429-1C868DF88F5F}.Debug|Any CPU.ActiveCfg = Debug|Any CPU
		{CA0DD944-8210-4F63-9429-1C868DF88F5F}.Debug|Any CPU.Build.0 = Debug|Any CPU
		{CA0DD944-8210-4F63-9429-1C868DF88F5F}.Release|Any CPU.ActiveCfg = Release|Any CPU
		{CA0DD944-8210-4F63-9429-1C868DF88F5F}.Release|Any CPU.Build.0 = Release|Any CPU
		{6D4D1903-C88F-495B-B7DF-341B2E36E65B}.Debug|Any CPU.ActiveCfg = Debug|Any CPU
		{6D4D1903-C88F-495B-B7DF-341B2E36E65B}.Debug|Any CPU.Build.0 = Debug|Any CPU
		{6D4D1903-C88F-495B-B7DF-341B2E36E65B}.Release|Any CPU.ActiveCfg = Release|Any CPU
		{6D4D1903-C88F-495B-B7DF-341B2E36E65B}.Release|Any CPU.Build.0 = Release|Any CPU
	EndGlobalSection
	GlobalSection(SolutionProperties) = preSolution
		HideSolutionNode = FALSE
	EndGlobalSection
EndGlobal
