
Microsoft Visual Studio Solution File, Format Version 12.00
# Visual Studio 15
VisualStudioVersion = 15.0.26430.16
MinimumVisualStudioVersion = 10.0.40219.1
Project("{FAE04EC0-301F-11D3-BF4B-00C04F79EFBC}") = "01.Regeh", "01.Regeh\01.Regeh.csproj", "{162A8D98-7ADB-4251-B4B7-30CE9BC8CAFE}"
EndProject
Project("{FAE04EC0-301F-11D3-BF4B-00C04F79EFBC}") = "02.Knight Game", "02.Knight Game\02.Knight Game.csproj", "{303CD232-8725-43CF-82B8-F55B9843B4DC}"
EndProject
Project("{FAE04EC0-301F-11D3-BF4B-00C04F79EFBC}") = "03. Number Wars", "03. Number Wars\03. Number Wars.csproj", "{8ED03744-306C-49E8-9DB5-AC47D268A2BD}"
EndProject
Project("{FAE04EC0-301F-11D3-BF4B-00C04F79EFBC}") = "04.Hospital", "04.Hospital\04.Hospital.csproj", "{1DABE120-DE22-48C5-92B7-A63CD80813E6}"
EndProject
Project("{FAE04EC0-301F-11D3-BF4B-00C04F79EFBC}") = "hekoer", "hekoer\hekoer.csproj", "{5E699B6C-4433-446B-8696-CA93BCB14732}"
EndProject
Global
	GlobalSection(SolutionConfigurationPlatforms) = preSolution
		Debug|Any CPU = Debug|Any CPU
		Release|Any CPU = Release|Any CPU
	EndGlobalSection
	GlobalSection(ProjectConfigurationPlatforms) = postSolution
		{162A8D98-7ADB-4251-B4B7-30CE9BC8CAFE}.Debug|Any CPU.ActiveCfg = Debug|Any CPU
		{162A8D98-7ADB-4251-B4B7-30CE9BC8CAFE}.Debug|Any CPU.Build.0 = Debug|Any CPU
		{162A8D98-7ADB-4251-B4B7-30CE9BC8CAFE}.Release|Any CPU.ActiveCfg = Release|Any CPU
		{162A8D98-7ADB-4251-B4B7-30CE9BC8CAFE}.Release|Any CPU.Build.0 = Release|Any CPU
		{303CD232-8725-43CF-82B8-F55B9843B4DC}.Debug|Any CPU.ActiveCfg = Debug|Any CPU
		{303CD232-8725-43CF-82B8-F55B9843B4DC}.Debug|Any CPU.Build.0 = Debug|Any CPU
		{303CD232-8725-43CF-82B8-F55B9843B4DC}.Release|Any CPU.ActiveCfg = Release|Any CPU
		{303CD232-8725-43CF-82B8-F55B9843B4DC}.Release|Any CPU.Build.0 = Release|Any CPU
		{8ED03744-306C-49E8-9DB5-AC47D268A2BD}.Debug|Any CPU.ActiveCfg = Debug|Any CPU
		{8ED03744-306C-49E8-9DB5-AC47D268A2BD}.Debug|Any CPU.Build.0 = Debug|Any CPU
		{8ED03744-306C-49E8-9DB5-AC47D268A2BD}.Release|Any CPU.ActiveCfg = Release|Any CPU
		{8ED03744-306C-49E8-9DB5-AC47D268A2BD}.Release|Any CPU.Build.0 = Release|Any CPU
		{1DABE120-DE22-48C5-92B7-A63CD80813E6}.Debug|Any CPU.ActiveCfg = Debug|Any CPU
		{1DABE120-DE22-48C5-92B7-A63CD80813E6}.Debug|Any CPU.Build.0 = Debug|Any CPU
		{1DABE120-DE22-48C5-92B7-A63CD80813E6}.Release|Any CPU.ActiveCfg = Release|Any CPU
		{1DABE120-DE22-48C5-92B7-A63CD80813E6}.Release|Any CPU.Build.0 = Release|Any CPU
		{5E699B6C-4433-446B-8696-CA93BCB14732}.Debug|Any CPU.ActiveCfg = Debug|Any CPU
		{5E699B6C-4433-446B-8696-CA93BCB14732}.Debug|Any CPU.Build.0 = Debug|Any CPU
		{5E699B6C-4433-446B-8696-CA93BCB14732}.Release|Any CPU.ActiveCfg = Release|Any CPU
		{5E699B6C-4433-446B-8696-CA93BCB14732}.Release|Any CPU.Build.0 = Release|Any CPU
	EndGlobalSection
	GlobalSection(SolutionProperties) = preSolution
		HideSolutionNode = FALSE
	EndGlobalSection
EndGlobal
